// !$*UTF8*$!
{
	archiveVersion = 1;
	classes = {
	};
	objectVersion = 46;
	objects = {

/* Begin PBXBuildFile section */
		240678091A3C83A5007B674F /* NumberSectionProject.swift in Sources */ = {isa = PBXBuildFile; fileRef = 240678081A3C83A5007B674F /* NumberSectionProject.swift */; };
		241830F61A3B74D100C84F95 /* RegionSectionProjection.swift in Sources */ = {isa = PBXBuildFile; fileRef = 241830F51A3B74D100C84F95 /* RegionSectionProjection.swift */; };
		2437C39A1A3D7DD300685CCB /* Logging.plist in Resources */ = {isa = PBXBuildFile; fileRef = 2437C3991A3D7DD300685CCB /* Logging.plist */; };
		2437C39C1A3D841700685CCB /* Configuration.swift in Sources */ = {isa = PBXBuildFile; fileRef = 2437C39B1A3D841700685CCB /* Configuration.swift */; };
		247283841A3C75050041551E /* String.swift in Sources */ = {isa = PBXBuildFile; fileRef = 247283831A3C75050041551E /* String.swift */; };
		2475CBAC1A3CA2C10038804C /* FilteredSectionProjection.swift in Sources */ = {isa = PBXBuildFile; fileRef = 2475CBAB1A3CA2C10038804C /* FilteredSectionProjection.swift */; };
		2484C9121A3D907F00BA6840 /* RefrenceController.swift in Sources */ = {isa = PBXBuildFile; fileRef = 2484C9111A3D907F00BA6840 /* RefrenceController.swift */; };
		2487AD671A38DD77007ADE75 /* LogWriter.swift in Sources */ = {isa = PBXBuildFile; fileRef = 2487AD661A38DD77007ADE75 /* LogWriter.swift */; };
		249BFFD71A3C1452002DE701 /* NameSectionProjection.swift in Sources */ = {isa = PBXBuildFile; fileRef = 249BFFD61A3C1452002DE701 /* NameSectionProjection.swift */; };
		249BFFD91A3C18A6002DE701 /* AbstractSectionProjection.swift in Sources */ = {isa = PBXBuildFile; fileRef = 249BFFD81A3C18A6002DE701 /* AbstractSectionProjection.swift */; };
		249BFFDB1A3C1969002DE701 /* Section.swift in Sources */ = {isa = PBXBuildFile; fileRef = 249BFFDA1A3C1969002DE701 /* Section.swift */; };
		24BF19381A397A1D00CDF7B8 /* DistilleryCell.swift in Sources */ = {isa = PBXBuildFile; fileRef = 24BF19371A397A1D00CDF7B8 /* DistilleryCell.swift */; };
		24D2EE6E1A3B374100CF4D7F /* DistilleriesFactory.swift in Sources */ = {isa = PBXBuildFile; fileRef = 24D2EE6D1A3B374100CF4D7F /* DistilleriesFactory.swift */; };
		24D2EE701A3B4AF900CF4D7F /* SectionProjection.swift in Sources */ = {isa = PBXBuildFile; fileRef = 24D2EE6F1A3B4AF900CF4D7F /* SectionProjection.swift */; };
		24FFF8D21A36D658002C1E88 /* AppDelegate.swift in Sources */ = {isa = PBXBuildFile; fileRef = 24FFF8D11A36D658002C1E88 /* AppDelegate.swift */; };
		24FFF8D71A36D658002C1E88 /* Main.storyboard in Resources */ = {isa = PBXBuildFile; fileRef = 24FFF8D51A36D658002C1E88 /* Main.storyboard */; };
		24FFF8D91A36D658002C1E88 /* Images.xcassets in Resources */ = {isa = PBXBuildFile; fileRef = 24FFF8D81A36D658002C1E88 /* Images.xcassets */; };
		24FFF8DC1A36D658002C1E88 /* LaunchScreen.xib in Resources */ = {isa = PBXBuildFile; fileRef = 24FFF8DA1A36D658002C1E88 /* LaunchScreen.xib */; };
		24FFF8E81A36D658002C1E88 /* WhiskyNotebookTests.swift in Sources */ = {isa = PBXBuildFile; fileRef = 24FFF8E71A36D658002C1E88 /* WhiskyNotebookTests.swift */; };
		24FFF8F21A36E1F3002C1E88 /* Distillery.swift in Sources */ = {isa = PBXBuildFile; fileRef = 24FFF8F11A36E1F3002C1E88 /* Distillery.swift */; };
		24FFF8F81A3783E8002C1E88 /* JSONRequest.swift in Sources */ = {isa = PBXBuildFile; fileRef = 24FFF8F71A3783E8002C1E88 /* JSONRequest.swift */; };
		24FFF8FA1A3797BD002C1E88 /* Logger.swift in Sources */ = {isa = PBXBuildFile; fileRef = 24FFF8F91A3797BD002C1E88 /* Logger.swift */; };
		24FFF8FE1A38C6D6002C1E88 /* DistilleriesController.swift in Sources */ = {isa = PBXBuildFile; fileRef = 24FFF8FD1A38C6D6002C1E88 /* DistilleriesController.swift */; };
		24FFF9001A38CBE0002C1E88 /* Synchronized.swift in Sources */ = {isa = PBXBuildFile; fileRef = 24FFF8FF1A38CBE0002C1E88 /* Synchronized.swift */; };
/* End PBXBuildFile section */

/* Begin PBXContainerItemProxy section */
		24FFF8E21A36D658002C1E88 /* PBXContainerItemProxy */ = {
			isa = PBXContainerItemProxy;
			containerPortal = 24FFF8C41A36D658002C1E88 /* Project object */;
			proxyType = 1;
			remoteGlobalIDString = 24FFF8CB1A36D658002C1E88;
			remoteInfo = WhiskyNotebook;
		};
/* End PBXContainerItemProxy section */

/* Begin PBXFileReference section */
		240678081A3C83A5007B674F /* NumberSectionProject.swift */ = {isa = PBXFileReference; fileEncoding = 4; lastKnownFileType = sourcecode.swift; path = NumberSectionProject.swift; sourceTree = "<group>"; };
		241830F51A3B74D100C84F95 /* RegionSectionProjection.swift */ = {isa = PBXFileReference; fileEncoding = 4; lastKnownFileType = sourcecode.swift; path = RegionSectionProjection.swift; sourceTree = "<group>"; };
		2437C3991A3D7DD300685CCB /* Logging.plist */ = {isa = PBXFileReference; fileEncoding = 4; lastKnownFileType = text.plist.xml; path = Logging.plist; sourceTree = "<group>"; };
		2437C39B1A3D841700685CCB /* Configuration.swift */ = {isa = PBXFileReference; fileEncoding = 4; lastKnownFileType = sourcecode.swift; path = Configuration.swift; sourceTree = "<group>"; };
		247283831A3C75050041551E /* String.swift */ = {isa = PBXFileReference; fileEncoding = 4; lastKnownFileType = sourcecode.swift; path = String.swift; sourceTree = "<group>"; };
		2475CBAB1A3CA2C10038804C /* FilteredSectionProjection.swift */ = {isa = PBXFileReference; fileEncoding = 4; lastKnownFileType = sourcecode.swift; path = FilteredSectionProjection.swift; sourceTree = "<group>"; };
		2484C9111A3D907F00BA6840 /* RefrenceController.swift */ = {isa = PBXFileReference; fileEncoding = 4; lastKnownFileType = sourcecode.swift; path = RefrenceController.swift; sourceTree = "<group>"; };
		2487AD661A38DD77007ADE75 /* LogWriter.swift */ = {isa = PBXFileReference; fileEncoding = 4; lastKnownFileType = sourcecode.swift; path = LogWriter.swift; sourceTree = "<group>"; };
		249BFFD61A3C1452002DE701 /* NameSectionProjection.swift */ = {isa = PBXFileReference; fileEncoding = 4; lastKnownFileType = sourcecode.swift; path = NameSectionProjection.swift; sourceTree = "<group>"; };
		249BFFD81A3C18A6002DE701 /* AbstractSectionProjection.swift */ = {isa = PBXFileReference; fileEncoding = 4; lastKnownFileType = sourcecode.swift; path = AbstractSectionProjection.swift; sourceTree = "<group>"; };
		249BFFDA1A3C1969002DE701 /* Section.swift */ = {isa = PBXFileReference; fileEncoding = 4; lastKnownFileType = sourcecode.swift; path = Section.swift; sourceTree = "<group>"; };
		24BF19371A397A1D00CDF7B8 /* DistilleryCell.swift */ = {isa = PBXFileReference; fileEncoding = 4; lastKnownFileType = sourcecode.swift; path = DistilleryCell.swift; sourceTree = "<group>"; };
		24D2EE6D1A3B374100CF4D7F /* DistilleriesFactory.swift */ = {isa = PBXFileReference; fileEncoding = 4; lastKnownFileType = sourcecode.swift; path = DistilleriesFactory.swift; sourceTree = "<group>"; };
		24D2EE6F1A3B4AF900CF4D7F /* SectionProjection.swift */ = {isa = PBXFileReference; fileEncoding = 4; lastKnownFileType = sourcecode.swift; path = SectionProjection.swift; sourceTree = "<group>"; };
		24FFF8CC1A36D658002C1E88 /* WhiskyNotebook.app */ = {isa = PBXFileReference; explicitFileType = wrapper.application; includeInIndex = 0; path = WhiskyNotebook.app; sourceTree = BUILT_PRODUCTS_DIR; };
		24FFF8D01A36D658002C1E88 /* Info.plist */ = {isa = PBXFileReference; lastKnownFileType = text.plist.xml; path = Info.plist; sourceTree = "<group>"; };
		24FFF8D11A36D658002C1E88 /* AppDelegate.swift */ = {isa = PBXFileReference; lastKnownFileType = sourcecode.swift; path = AppDelegate.swift; sourceTree = "<group>"; };
		24FFF8D61A36D658002C1E88 /* Base */ = {isa = PBXFileReference; lastKnownFileType = file.storyboard; name = Base; path = Base.lproj/Main.storyboard; sourceTree = "<group>"; };
		24FFF8D81A36D658002C1E88 /* Images.xcassets */ = {isa = PBXFileReference; lastKnownFileType = folder.assetcatalog; path = Images.xcassets; sourceTree = "<group>"; };
		24FFF8DB1A36D658002C1E88 /* Base */ = {isa = PBXFileReference; lastKnownFileType = file.xib; name = Base; path = Base.lproj/LaunchScreen.xib; sourceTree = "<group>"; };
		24FFF8E11A36D658002C1E88 /* WhiskyNotebookTests.xctest */ = {isa = PBXFileReference; explicitFileType = wrapper.cfbundle; includeInIndex = 0; path = WhiskyNotebookTests.xctest; sourceTree = BUILT_PRODUCTS_DIR; };
		24FFF8E61A36D658002C1E88 /* Info.plist */ = {isa = PBXFileReference; lastKnownFileType = text.plist.xml; path = Info.plist; sourceTree = "<group>"; };
		24FFF8E71A36D658002C1E88 /* WhiskyNotebookTests.swift */ = {isa = PBXFileReference; lastKnownFileType = sourcecode.swift; path = WhiskyNotebookTests.swift; sourceTree = "<group>"; };
		24FFF8F11A36E1F3002C1E88 /* Distillery.swift */ = {isa = PBXFileReference; fileEncoding = 4; lastKnownFileType = sourcecode.swift; path = Distillery.swift; sourceTree = "<group>"; };
		24FFF8F71A3783E8002C1E88 /* JSONRequest.swift */ = {isa = PBXFileReference; fileEncoding = 4; lastKnownFileType = sourcecode.swift; path = JSONRequest.swift; sourceTree = "<group>"; };
		24FFF8F91A3797BD002C1E88 /* Logger.swift */ = {isa = PBXFileReference; fileEncoding = 4; lastKnownFileType = sourcecode.swift; path = Logger.swift; sourceTree = "<group>"; };
		24FFF8FD1A38C6D6002C1E88 /* DistilleriesController.swift */ = {isa = PBXFileReference; fileEncoding = 4; lastKnownFileType = sourcecode.swift; path = DistilleriesController.swift; sourceTree = "<group>"; };
		24FFF8FF1A38CBE0002C1E88 /* Synchronized.swift */ = {isa = PBXFileReference; fileEncoding = 4; lastKnownFileType = sourcecode.swift; path = Synchronized.swift; sourceTree = "<group>"; };
/* End PBXFileReference section */

/* Begin PBXFrameworksBuildPhase section */
		24FFF8C91A36D658002C1E88 /* Frameworks */ = {
			isa = PBXFrameworksBuildPhase;
			buildActionMask = 2147483647;
			files = (
			);
			runOnlyForDeploymentPostprocessing = 0;
		};
		24FFF8DE1A36D658002C1E88 /* Frameworks */ = {
			isa = PBXFrameworksBuildPhase;
			buildActionMask = 2147483647;
			files = (
			);
			runOnlyForDeploymentPostprocessing = 0;
		};
/* End PBXFrameworksBuildPhase section */

/* Begin PBXGroup section */
		2484C9101A3D906E00BA6840 /* Reference */ = {
			isa = PBXGroup;
			children = (
				2484C9111A3D907F00BA6840 /* RefrenceController.swift */,
			);
			name = Reference;
			sourceTree = "<group>";
		};
		24FFF8C31A36D658002C1E88 = {
			isa = PBXGroup;
			children = (
				24FFF8CE1A36D658002C1E88 /* WhiskyNotebook */,
				24FFF8E41A36D658002C1E88 /* WhiskyNotebookTests */,
				24FFF8CD1A36D658002C1E88 /* Products */,
			);
			sourceTree = "<group>";
		};
		24FFF8CD1A36D658002C1E88 /* Products */ = {
			isa = PBXGroup;
			children = (
				24FFF8CC1A36D658002C1E88 /* WhiskyNotebook.app */,
				24FFF8E11A36D658002C1E88 /* WhiskyNotebookTests.xctest */,
			);
			name = Products;
			sourceTree = "<group>";
		};
		24FFF8CE1A36D658002C1E88 /* WhiskyNotebook */ = {
			isa = PBXGroup;
			children = (
				24FFF8D11A36D658002C1E88 /* AppDelegate.swift */,
				24FFF8D51A36D658002C1E88 /* Main.storyboard */,
				24FFF8D81A36D658002C1E88 /* Images.xcassets */,
				24FFF8DA1A36D658002C1E88 /* LaunchScreen.xib */,
				24FFF9021A38CC06002C1E88 /* Distilleries */,
				2484C9101A3D906E00BA6840 /* Reference */,
				24FFF9011A38CBF9002C1E88 /* Utilities */,
				24FFF8CF1A36D658002C1E88 /* Supporting Files */,
			);
			path = WhiskyNotebook;
			sourceTree = "<group>";
		};
		24FFF8CF1A36D658002C1E88 /* Supporting Files */ = {
			isa = PBXGroup;
			children = (
				24FFF8D01A36D658002C1E88 /* Info.plist */,
				2437C3991A3D7DD300685CCB /* Logging.plist */,
			);
			name = "Supporting Files";
			sourceTree = "<group>";
		};
		24FFF8E41A36D658002C1E88 /* WhiskyNotebookTests */ = {
			isa = PBXGroup;
			children = (
				24FFF8E71A36D658002C1E88 /* WhiskyNotebookTests.swift */,
				24FFF8E51A36D658002C1E88 /* Supporting Files */,
			);
			path = WhiskyNotebookTests;
			sourceTree = "<group>";
		};
		24FFF8E51A36D658002C1E88 /* Supporting Files */ = {
			isa = PBXGroup;
			children = (
				24FFF8E61A36D658002C1E88 /* Info.plist */,
			);
			name = "Supporting Files";
			sourceTree = "<group>";
		};
		24FFF9011A38CBF9002C1E88 /* Utilities */ = {
			isa = PBXGroup;
			children = (
				2437C39B1A3D841700685CCB /* Configuration.swift */,
				24FFF8F71A3783E8002C1E88 /* JSONRequest.swift */,
				24FFF8F91A3797BD002C1E88 /* Logger.swift */,
				2487AD661A38DD77007ADE75 /* LogWriter.swift */,
				247283831A3C75050041551E /* String.swift */,
				24FFF8FF1A38CBE0002C1E88 /* Synchronized.swift */,
			);
			name = Utilities;
			sourceTree = "<group>";
		};
		24FFF9021A38CC06002C1E88 /* Distilleries */ = {
			isa = PBXGroup;
			children = (
				249BFFD81A3C18A6002DE701 /* AbstractSectionProjection.swift */,
				24FFF8FD1A38C6D6002C1E88 /* DistilleriesController.swift */,
				24D2EE6D1A3B374100CF4D7F /* DistilleriesFactory.swift */,
				24FFF8F11A36E1F3002C1E88 /* Distillery.swift */,
				24BF19371A397A1D00CDF7B8 /* DistilleryCell.swift */,
				2475CBAB1A3CA2C10038804C /* FilteredSectionProjection.swift */,
				249BFFD61A3C1452002DE701 /* NameSectionProjection.swift */,
				240678081A3C83A5007B674F /* NumberSectionProject.swift */,
				241830F51A3B74D100C84F95 /* RegionSectionProjection.swift */,
				249BFFDA1A3C1969002DE701 /* Section.swift */,
				24D2EE6F1A3B4AF900CF4D7F /* SectionProjection.swift */,
			);
			name = Distilleries;
			sourceTree = "<group>";
		};
/* End PBXGroup section */

/* Begin PBXNativeTarget section */
		24FFF8CB1A36D658002C1E88 /* WhiskyNotebook */ = {
			isa = PBXNativeTarget;
			buildConfigurationList = 24FFF8EB1A36D658002C1E88 /* Build configuration list for PBXNativeTarget "WhiskyNotebook" */;
			buildPhases = (
				24FFF8C81A36D658002C1E88 /* Sources */,
				24FFF8C91A36D658002C1E88 /* Frameworks */,
				24FFF8CA1A36D658002C1E88 /* Resources */,
			);
			buildRules = (
			);
			dependencies = (
			);
			name = WhiskyNotebook;
			productName = WhiskyNotebook;
			productReference = 24FFF8CC1A36D658002C1E88 /* WhiskyNotebook.app */;
			productType = "com.apple.product-type.application";
		};
		24FFF8E01A36D658002C1E88 /* WhiskyNotebookTests */ = {
			isa = PBXNativeTarget;
			buildConfigurationList = 24FFF8EE1A36D658002C1E88 /* Build configuration list for PBXNativeTarget "WhiskyNotebookTests" */;
			buildPhases = (
				24FFF8DD1A36D658002C1E88 /* Sources */,
				24FFF8DE1A36D658002C1E88 /* Frameworks */,
				24FFF8DF1A36D658002C1E88 /* Resources */,
			);
			buildRules = (
			);
			dependencies = (
				24FFF8E31A36D658002C1E88 /* PBXTargetDependency */,
			);
			name = WhiskyNotebookTests;
			productName = WhiskyNotebookTests;
			productReference = 24FFF8E11A36D658002C1E88 /* WhiskyNotebookTests.xctest */;
			productType = "com.apple.product-type.bundle.unit-test";
		};
/* End PBXNativeTarget section */

/* Begin PBXProject section */
		24FFF8C41A36D658002C1E88 /* Project object */ = {
			isa = PBXProject;
			attributes = {
				LastUpgradeCheck = 0610;
				ORGANIZATIONNAME = "Ben Hale";
				TargetAttributes = {
					24FFF8CB1A36D658002C1E88 = {
						CreatedOnToolsVersion = 6.1.1;
						DevelopmentTeam = 37P3YGWA67;
					};
					24FFF8E01A36D658002C1E88 = {
						CreatedOnToolsVersion = 6.1.1;
						TestTargetID = 24FFF8CB1A36D658002C1E88;
					};
				};
			};
			buildConfigurationList = 24FFF8C71A36D658002C1E88 /* Build configuration list for PBXProject "WhiskyNotebook" */;
			compatibilityVersion = "Xcode 3.2";
			developmentRegion = English;
			hasScannedForEncodings = 0;
			knownRegions = (
				en,
				Base,
			);
			mainGroup = 24FFF8C31A36D658002C1E88;
			productRefGroup = 24FFF8CD1A36D658002C1E88 /* Products */;
			projectDirPath = "";
			projectRoot = "";
			targets = (
				24FFF8CB1A36D658002C1E88 /* WhiskyNotebook */,
				24FFF8E01A36D658002C1E88 /* WhiskyNotebookTests */,
			);
		};
/* End PBXProject section */

/* Begin PBXResourcesBuildPhase section */
		24FFF8CA1A36D658002C1E88 /* Resources */ = {
			isa = PBXResourcesBuildPhase;
			buildActionMask = 2147483647;
			files = (
				24FFF8D71A36D658002C1E88 /* Main.storyboard in Resources */,
				24FFF8DC1A36D658002C1E88 /* LaunchScreen.xib in Resources */,
				2437C39A1A3D7DD300685CCB /* Logging.plist in Resources */,
				24FFF8D91A36D658002C1E88 /* Images.xcassets in Resources */,
			);
			runOnlyForDeploymentPostprocessing = 0;
		};
		24FFF8DF1A36D658002C1E88 /* Resources */ = {
			isa = PBXResourcesBuildPhase;
			buildActionMask = 2147483647;
			files = (
			);
			runOnlyForDeploymentPostprocessing = 0;
		};
/* End PBXResourcesBuildPhase section */

/* Begin PBXSourcesBuildPhase section */
		24FFF8C81A36D658002C1E88 /* Sources */ = {
			isa = PBXSourcesBuildPhase;
			buildActionMask = 2147483647;
			files = (
				2484C9121A3D907F00BA6840 /* RefrenceController.swift in Sources */,
				24FFF8D21A36D658002C1E88 /* AppDelegate.swift in Sources */,
				249BFFD71A3C1452002DE701 /* NameSectionProjection.swift in Sources */,
				24BF19381A397A1D00CDF7B8 /* DistilleryCell.swift in Sources */,
				2475CBAC1A3CA2C10038804C /* FilteredSectionProjection.swift in Sources */,
				249BFFDB1A3C1969002DE701 /* Section.swift in Sources */,
				249BFFD91A3C18A6002DE701 /* AbstractSectionProjection.swift in Sources */,
				24D2EE6E1A3B374100CF4D7F /* DistilleriesFactory.swift in Sources */,
				24FFF8F21A36E1F3002C1E88 /* Distillery.swift in Sources */,
				24FFF8FE1A38C6D6002C1E88 /* DistilleriesController.swift in Sources */,
				24FFF8FA1A3797BD002C1E88 /* Logger.swift in Sources */,
				24FFF9001A38CBE0002C1E88 /* Synchronized.swift in Sources */,
				240678091A3C83A5007B674F /* NumberSectionProject.swift in Sources */,
				2437C39C1A3D841700685CCB /* Configuration.swift in Sources */,
				24D2EE701A3B4AF900CF4D7F /* SectionProjection.swift in Sources */,
				2487AD671A38DD77007ADE75 /* LogWriter.swift in Sources */,
				247283841A3C75050041551E /* String.swift in Sources */,
				241830F61A3B74D100C84F95 /* RegionSectionProjection.swift in Sources */,
				24FFF8F81A3783E8002C1E88 /* JSONRequest.swift in Sources */,
			);
			runOnlyForDeploymentPostprocessing = 0;
		};
		24FFF8DD1A36D658002C1E88 /* Sources */ = {
			isa = PBXSourcesBuildPhase;
			buildActionMask = 2147483647;
			files = (
				24FFF8E81A36D658002C1E88 /* WhiskyNotebookTests.swift in Sources */,
			);
			runOnlyForDeploymentPostprocessing = 0;
		};
/* End PBXSourcesBuildPhase section */

/* Begin PBXTargetDependency section */
		24FFF8E31A36D658002C1E88 /* PBXTargetDependency */ = {
			isa = PBXTargetDependency;
			target = 24FFF8CB1A36D658002C1E88 /* WhiskyNotebook */;
			targetProxy = 24FFF8E21A36D658002C1E88 /* PBXContainerItemProxy */;
		};
/* End PBXTargetDependency section */

/* Begin PBXVariantGroup section */
		24FFF8D51A36D658002C1E88 /* Main.storyboard */ = {
			isa = PBXVariantGroup;
			children = (
				24FFF8D61A36D658002C1E88 /* Base */,
			);
			name = Main.storyboard;
			sourceTree = "<group>";
		};
		24FFF8DA1A36D658002C1E88 /* LaunchScreen.xib */ = {
			isa = PBXVariantGroup;
			children = (
				24FFF8DB1A36D658002C1E88 /* Base */,
			);
			name = LaunchScreen.xib;
			sourceTree = "<group>";
		};
/* End PBXVariantGroup section */

/* Begin XCBuildConfiguration section */
		24FFF8E91A36D658002C1E88 /* Debug */ = {
			isa = XCBuildConfiguration;
			buildSettings = {
				ALWAYS_SEARCH_USER_PATHS = NO;
				CLANG_CXX_LANGUAGE_STANDARD = "gnu++0x";
				CLANG_CXX_LIBRARY = "libc++";
				CLANG_ENABLE_MODULES = YES;
				CLANG_ENABLE_OBJC_ARC = YES;
				CLANG_WARN_BOOL_CONVERSION = YES;
				CLANG_WARN_CONSTANT_CONVERSION = YES;
				CLANG_WARN_DIRECT_OBJC_ISA_USAGE = YES_ERROR;
				CLANG_WARN_EMPTY_BODY = YES;
				CLANG_WARN_ENUM_CONVERSION = YES;
				CLANG_WARN_INT_CONVERSION = YES;
				CLANG_WARN_OBJC_ROOT_CLASS = YES_ERROR;
				CLANG_WARN_UNREACHABLE_CODE = YES;
				CLANG_WARN__DUPLICATE_METHOD_MATCH = YES;
				"CODE_SIGN_IDENTITY[sdk=iphoneos*]" = "iPhone Developer";
				COPY_PHASE_STRIP = NO;
				ENABLE_STRICT_OBJC_MSGSEND = YES;
				GCC_C_LANGUAGE_STANDARD = gnu99;
				GCC_DYNAMIC_NO_PIC = NO;
				GCC_OPTIMIZATION_LEVEL = 0;
				GCC_PREPROCESSOR_DEFINITIONS = (
					"DEBUG=1",
					"$(inherited)",
				);
				GCC_SYMBOLS_PRIVATE_EXTERN = NO;
				GCC_WARN_64_TO_32_BIT_CONVERSION = YES;
				GCC_WARN_ABOUT_RETURN_TYPE = YES_ERROR;
				GCC_WARN_UNDECLARED_SELECTOR = YES;
				GCC_WARN_UNINITIALIZED_AUTOS = YES_AGGRESSIVE;
				GCC_WARN_UNUSED_FUNCTION = YES;
				GCC_WARN_UNUSED_VARIABLE = YES;
				IPHONEOS_DEPLOYMENT_TARGET = 8.1;
				MTL_ENABLE_DEBUG_INFO = YES;
				ONLY_ACTIVE_ARCH = YES;
				SDKROOT = iphoneos;
				SWIFT_OPTIMIZATION_LEVEL = "-Onone";
				TARGETED_DEVICE_FAMILY = "1,2";
			};
			name = Debug;
		};
		24FFF8EA1A36D658002C1E88 /* Release */ = {
			isa = XCBuildConfiguration;
			buildSettings = {
				ALWAYS_SEARCH_USER_PATHS = NO;
				CLANG_CXX_LANGUAGE_STANDARD = "gnu++0x";
				CLANG_CXX_LIBRARY = "libc++";
				CLANG_ENABLE_MODULES = YES;
				CLANG_ENABLE_OBJC_ARC = YES;
				CLANG_WARN_BOOL_CONVERSION = YES;
				CLANG_WARN_CONSTANT_CONVERSION = YES;
				CLANG_WARN_DIRECT_OBJC_ISA_USAGE = YES_ERROR;
				CLANG_WARN_EMPTY_BODY = YES;
				CLANG_WARN_ENUM_CONVERSION = YES;
				CLANG_WARN_INT_CONVERSION = YES;
				CLANG_WARN_OBJC_ROOT_CLASS = YES_ERROR;
				CLANG_WARN_UNREACHABLE_CODE = YES;
				CLANG_WARN__DUPLICATE_METHOD_MATCH = YES;
				"CODE_SIGN_IDENTITY[sdk=iphoneos*]" = "iPhone Developer";
				COPY_PHASE_STRIP = YES;
				ENABLE_NS_ASSERTIONS = NO;
				ENABLE_STRICT_OBJC_MSGSEND = YES;
				GCC_C_LANGUAGE_STANDARD = gnu99;
				GCC_WARN_64_TO_32_BIT_CONVERSION = YES;
				GCC_WARN_ABOUT_RETURN_TYPE = YES_ERROR;
				GCC_WARN_UNDECLARED_SELECTOR = YES;
				GCC_WARN_UNINITIALIZED_AUTOS = YES_AGGRESSIVE;
				GCC_WARN_UNUSED_FUNCTION = YES;
				GCC_WARN_UNUSED_VARIABLE = YES;
				IPHONEOS_DEPLOYMENT_TARGET = 8.1;
				MTL_ENABLE_DEBUG_INFO = NO;
				SDKROOT = iphoneos;
				TARGETED_DEVICE_FAMILY = "1,2";
				VALIDATE_PRODUCT = YES;
			};
			name = Release;
		};
		24FFF8EC1A36D658002C1E88 /* Debug */ = {
			isa = XCBuildConfiguration;
			buildSettings = {
				ASSETCATALOG_COMPILER_APPICON_NAME = AppIcon;
				CODE_SIGN_IDENTITY = "iPhone Developer";
				"CODE_SIGN_IDENTITY[sdk=iphoneos*]" = "iPhone Developer";
				INFOPLIST_FILE = WhiskyNotebook/Info.plist;
				IPHONEOS_DEPLOYMENT_TARGET = 8.1;
				LD_RUNPATH_SEARCH_PATHS = "$(inherited) @executable_path/Frameworks";
				PRODUCT_NAME = "$(TARGET_NAME)";
				PROVISIONING_PROFILE = "";
			};
			name = Debug;
		};
		24FFF8ED1A36D658002C1E88 /* Release */ = {
			isa = XCBuildConfiguration;
			buildSettings = {
				ASSETCATALOG_COMPILER_APPICON_NAME = AppIcon;
				CODE_SIGN_IDENTITY = "iPhone Developer";
				"CODE_SIGN_IDENTITY[sdk=iphoneos*]" = "iPhone Developer";
				INFOPLIST_FILE = WhiskyNotebook/Info.plist;
				IPHONEOS_DEPLOYMENT_TARGET = 8.1;
				LD_RUNPATH_SEARCH_PATHS = "$(inherited) @executable_path/Frameworks";
				PRODUCT_NAME = "$(TARGET_NAME)";
				PROVISIONING_PROFILE = "";
			};
			name = Release;
		};
		24FFF8EF1A36D658002C1E88 /* Debug */ = {
			isa = XCBuildConfiguration;
			buildSettings = {
				BUNDLE_LOADER = "$(TEST_HOST)";
				FRAMEWORK_SEARCH_PATHS = (
					"$(SDKROOT)/Developer/Library/Frameworks",
					"$(inherited)",
				);
				GCC_PREPROCESSOR_DEFINITIONS = (
					"DEBUG=1",
					"$(inherited)",
				);
				INFOPLIST_FILE = WhiskyNotebookTests/Info.plist;
				LD_RUNPATH_SEARCH_PATHS = "$(inherited) @executable_path/Frameworks @loader_path/Frameworks";
				PRODUCT_NAME = "$(TARGET_NAME)";
				TEST_HOST = "$(BUILT_PRODUCTS_DIR)/WhiskyNotebook.app/WhiskyNotebook";
			};
			name = Debug;
		};
		24FFF8F01A36D658002C1E88 /* Release */ = {
			isa = XCBuildConfiguration;
			buildSettings = {
				BUNDLE_LOADER = "$(TEST_HOST)";
				FRAMEWORK_SEARCH_PATHS = (
					"$(SDKROOT)/Developer/Library/Frameworks",
					"$(inherited)",
				);
				INFOPLIST_FILE = WhiskyNotebookTests/Info.plist;
				LD_RUNPATH_SEARCH_PATHS = "$(inherited) @executable_path/Frameworks @loader_path/Frameworks";
				PRODUCT_NAME = "$(TARGET_NAME)";
				TEST_HOST = "$(BUILT_PRODUCTS_DIR)/WhiskyNotebook.app/WhiskyNotebook";
			};
			name = Release;
		};
/* End XCBuildConfiguration section */

/* Begin XCConfigurationList section */
		24FFF8C71A36D658002C1E88 /* Build configuration list for PBXProject "WhiskyNotebook" */ = {
			isa = XCConfigurationList;
			buildConfigurations = (
				24FFF8E91A36D658002C1E88 /* Debug */,
				24FFF8EA1A36D658002C1E88 /* Release */,
			);
			defaultConfigurationIsVisible = 0;
			defaultConfigurationName = Release;
		};
		24FFF8EB1A36D658002C1E88 /* Build configuration list for PBXNativeTarget "WhiskyNotebook" */ = {
			isa = XCConfigurationList;
			buildConfigurations = (
				24FFF8EC1A36D658002C1E88 /* Debug */,
				24FFF8ED1A36D658002C1E88 /* Release */,
			);
			defaultConfigurationIsVisible = 0;
			defaultConfigurationName = Release;
		};
		24FFF8EE1A36D658002C1E88 /* Build configuration list for PBXNativeTarget "WhiskyNotebookTests" */ = {
			isa = XCConfigurationList;
			buildConfigurations = (
				24FFF8EF1A36D658002C1E88 /* Debug */,
				24FFF8F01A36D658002C1E88 /* Release */,
			);
			defaultConfigurationIsVisible = 0;
			defaultConfigurationName = Release;
		};
/* End XCConfigurationList section */
	};
	rootObject = 24FFF8C41A36D658002C1E88 /* Project object */;
}
