// !$*UTF8*$!
{
	archiveVersion = 1;
	classes = {
	};
	objectVersion = 46;
	objects = {

/* Begin PBXBuildFile section */
		242A43491ABCAF750002B938 /* Nimble.framework in Frameworks */ = {isa = PBXBuildFile; fileRef = 242A43481ABCAF750002B938 /* Nimble.framework */; };
		242A434B1ABCAF800002B938 /* Quick.framework in Frameworks */ = {isa = PBXBuildFile; fileRef = 242A434A1ABCAF800002B938 /* Quick.framework */; };
		242C6E301AC153B100CF7624 /* DramsControllerSpec.swift in Sources */ = {isa = PBXBuildFile; fileRef = 242C6E2F1AC153B100CF7624 /* DramsControllerSpec.swift */; };
		247E22E01AC0895B0012045C /* NewDramControllerSpec.swift in Sources */ = {isa = PBXBuildFile; fileRef = 247E22DF1AC0895B0012045C /* NewDramControllerSpec.swift */; };
		247E22E21AC0C1960012045C /* DramRepository.swift in Sources */ = {isa = PBXBuildFile; fileRef = 247E22E11AC0C1960012045C /* DramRepository.swift */; };
		247E22E41AC0C1BE0012045C /* DramRepositoryManagerSpec.swift in Sources */ = {isa = PBXBuildFile; fileRef = 247E22E31AC0C1BE0012045C /* DramRepositoryManagerSpec.swift */; };
		24A4C8991ABD8AD8006F8BDF /* LlamaKit.framework in Frameworks */ = {isa = PBXBuildFile; fileRef = 24A4C8971ABD8AD8006F8BDF /* LlamaKit.framework */; };
		24A4C89A1ABD8AD8006F8BDF /* ReactiveCocoa.framework in Frameworks */ = {isa = PBXBuildFile; fileRef = 24A4C8981ABD8AD8006F8BDF /* ReactiveCocoa.framework */; };
		24AA19201AC1E4B200AFE71E /* RegularExpression.swift in Sources */ = {isa = PBXBuildFile; fileRef = 24AA191F1AC1E4B200AFE71E /* RegularExpression.swift */; };
		24AA19221AC1E5ED00AFE71E /* RegularExpressionSpec.swift in Sources */ = {isa = PBXBuildFile; fileRef = 24AA19211AC1E5ED00AFE71E /* RegularExpressionSpec.swift */; };
		24AA19241AC1EB4600AFE71E /* InMemoryDramRepository.swift in Sources */ = {isa = PBXBuildFile; fileRef = 24AA19231AC1EB4600AFE71E /* InMemoryDramRepository.swift */; };
		24AA19261AC1EBC900AFE71E /* InMemoryDramRepositorySpec.swift in Sources */ = {isa = PBXBuildFile; fileRef = 24AA19251AC1EBC900AFE71E /* InMemoryDramRepositorySpec.swift */; };
		24AA19281AC1EE2200AFE71E /* DramRepositoryManager.swift in Sources */ = {isa = PBXBuildFile; fileRef = 24AA19271AC1EE2200AFE71E /* DramRepositoryManager.swift */; };
		24BC95B01ABDBF9D00CF4108 /* Dram.swift in Sources */ = {isa = PBXBuildFile; fileRef = 24BC95AF1ABDBF9D00CF4108 /* Dram.swift */; };
		24BC95B21ABDC2EC00CF4108 /* DramSpec.swift in Sources */ = {isa = PBXBuildFile; fileRef = 24BC95B11ABDC2EC00CF4108 /* DramSpec.swift */; };
		24BC95B41ABDCA0800CF4108 /* NewDramController.swift in Sources */ = {isa = PBXBuildFile; fileRef = 24BC95B31ABDCA0800CF4108 /* NewDramController.swift */; };
		24BC95B61ABDCA8100CF4108 /* DramsController.swift in Sources */ = {isa = PBXBuildFile; fileRef = 24BC95B51ABDCA8100CF4108 /* DramsController.swift */; };
		24D9565C1ABCB1F300CCF888 /* Quick.framework in Copy Frameworks */ = {isa = PBXBuildFile; fileRef = 242A434A1ABCAF800002B938 /* Quick.framework */; settings = {ATTRIBUTES = (CodeSignOnCopy, RemoveHeadersOnCopy, ); }; };
		24D9565D1ABCB1F700CCF888 /* Nimble.framework in Copy Frameworks */ = {isa = PBXBuildFile; fileRef = 242A43481ABCAF750002B938 /* Nimble.framework */; settings = {ATTRIBUTES = (CodeSignOnCopy, RemoveHeadersOnCopy, ); }; };
		24E670DC1A72CB5B005AA399 /* Images.xcassets in Resources */ = {isa = PBXBuildFile; fileRef = 24E670DB1A72CB5B005AA399 /* Images.xcassets */; };
		24FC64211A42B32900DE8744 /* WhiskyNotebook.storyboard in Resources */ = {isa = PBXBuildFile; fileRef = 24FC641F1A42B32900DE8744 /* WhiskyNotebook.storyboard */; };
		24FFF8D21A36D658002C1E88 /* AppDelegate.swift in Sources */ = {isa = PBXBuildFile; fileRef = 24FFF8D11A36D658002C1E88 /* AppDelegate.swift */; };
		24FFF8DC1A36D658002C1E88 /* LaunchScreen.xib in Resources */ = {isa = PBXBuildFile; fileRef = 24FFF8DA1A36D658002C1E88 /* LaunchScreen.xib */; };
/* End PBXBuildFile section */

/* Begin PBXContainerItemProxy section */
		24FFF8E21A36D658002C1E88 /* PBXContainerItemProxy */ = {
			isa = PBXContainerItemProxy;
			containerPortal = 24FFF8C41A36D658002C1E88 /* Project object */;
			proxyType = 1;
			remoteGlobalIDString = 24FFF8CB1A36D658002C1E88;
			remoteInfo = WhiskyNotebook;
		};
/* End PBXContainerItemProxy section */

/* Begin PBXCopyFilesBuildPhase section */
		24D9565B1ABCB1D900CCF888 /* Copy Frameworks */ = {
			isa = PBXCopyFilesBuildPhase;
			buildActionMask = 2147483647;
			dstPath = "";
			dstSubfolderSpec = 10;
			files = (
				24D9565D1ABCB1F700CCF888 /* Nimble.framework in Copy Frameworks */,
				24D9565C1ABCB1F300CCF888 /* Quick.framework in Copy Frameworks */,
			);
			name = "Copy Frameworks";
			runOnlyForDeploymentPostprocessing = 0;
		};
/* End PBXCopyFilesBuildPhase section */

/* Begin PBXFileReference section */
		242A43481ABCAF750002B938 /* Nimble.framework */ = {isa = PBXFileReference; lastKnownFileType = wrapper.framework; name = Nimble.framework; path = ../Carthage/Build/iOS/Nimble.framework; sourceTree = "<group>"; };
		242A434A1ABCAF800002B938 /* Quick.framework */ = {isa = PBXFileReference; lastKnownFileType = wrapper.framework; name = Quick.framework; path = ../Carthage/Build/iOS/Quick.framework; sourceTree = "<group>"; };
		242C6E2F1AC153B100CF7624 /* DramsControllerSpec.swift */ = {isa = PBXFileReference; fileEncoding = 4; lastKnownFileType = sourcecode.swift; path = DramsControllerSpec.swift; sourceTree = "<group>"; };
		24342AEE1A72C3FA00F3451C /* WhiskyNotebook.entitlements */ = {isa = PBXFileReference; lastKnownFileType = text.xml; path = WhiskyNotebook.entitlements; sourceTree = "<group>"; };
		247E22DF1AC0895B0012045C /* NewDramControllerSpec.swift */ = {isa = PBXFileReference; fileEncoding = 4; lastKnownFileType = sourcecode.swift; path = NewDramControllerSpec.swift; sourceTree = "<group>"; };
		247E22E11AC0C1960012045C /* DramRepository.swift */ = {isa = PBXFileReference; fileEncoding = 4; lastKnownFileType = sourcecode.swift; path = DramRepository.swift; sourceTree = "<group>"; };
		247E22E31AC0C1BE0012045C /* DramRepositoryManagerSpec.swift */ = {isa = PBXFileReference; fileEncoding = 4; lastKnownFileType = sourcecode.swift; path = DramRepositoryManagerSpec.swift; sourceTree = "<group>"; };
		24A4C8971ABD8AD8006F8BDF /* LlamaKit.framework */ = {isa = PBXFileReference; lastKnownFileType = wrapper.framework; name = LlamaKit.framework; path = ../Carthage/Build/iOS/LlamaKit.framework; sourceTree = "<group>"; };
		24A4C8981ABD8AD8006F8BDF /* ReactiveCocoa.framework */ = {isa = PBXFileReference; lastKnownFileType = wrapper.framework; name = ReactiveCocoa.framework; path = ../Carthage/Build/iOS/ReactiveCocoa.framework; sourceTree = "<group>"; };
		24AA191F1AC1E4B200AFE71E /* RegularExpression.swift */ = {isa = PBXFileReference; fileEncoding = 4; lastKnownFileType = sourcecode.swift; path = RegularExpression.swift; sourceTree = "<group>"; };
		24AA19211AC1E5ED00AFE71E /* RegularExpressionSpec.swift */ = {isa = PBXFileReference; fileEncoding = 4; lastKnownFileType = sourcecode.swift; path = RegularExpressionSpec.swift; sourceTree = "<group>"; };
		24AA19231AC1EB4600AFE71E /* InMemoryDramRepository.swift */ = {isa = PBXFileReference; fileEncoding = 4; lastKnownFileType = sourcecode.swift; path = InMemoryDramRepository.swift; sourceTree = "<group>"; };
		24AA19251AC1EBC900AFE71E /* InMemoryDramRepositorySpec.swift */ = {isa = PBXFileReference; fileEncoding = 4; lastKnownFileType = sourcecode.swift; path = InMemoryDramRepositorySpec.swift; sourceTree = "<group>"; };
		24AA19271AC1EE2200AFE71E /* DramRepositoryManager.swift */ = {isa = PBXFileReference; fileEncoding = 4; lastKnownFileType = sourcecode.swift; path = DramRepositoryManager.swift; sourceTree = "<group>"; };
		24BC95AF1ABDBF9D00CF4108 /* Dram.swift */ = {isa = PBXFileReference; fileEncoding = 4; lastKnownFileType = sourcecode.swift; path = Dram.swift; sourceTree = "<group>"; };
		24BC95B11ABDC2EC00CF4108 /* DramSpec.swift */ = {isa = PBXFileReference; fileEncoding = 4; lastKnownFileType = sourcecode.swift; path = DramSpec.swift; sourceTree = "<group>"; };
		24BC95B31ABDCA0800CF4108 /* NewDramController.swift */ = {isa = PBXFileReference; fileEncoding = 4; lastKnownFileType = sourcecode.swift; path = NewDramController.swift; sourceTree = "<group>"; };
		24BC95B51ABDCA8100CF4108 /* DramsController.swift */ = {isa = PBXFileReference; fileEncoding = 4; lastKnownFileType = sourcecode.swift; path = DramsController.swift; sourceTree = "<group>"; };
		24E670DB1A72CB5B005AA399 /* Images.xcassets */ = {isa = PBXFileReference; lastKnownFileType = folder.assetcatalog; path = Images.xcassets; sourceTree = "<group>"; };
		24FC64201A42B32900DE8744 /* Base */ = {isa = PBXFileReference; lastKnownFileType = file.storyboard; name = Base; path = Base.lproj/WhiskyNotebook.storyboard; sourceTree = "<group>"; };
		24FFF8CC1A36D658002C1E88 /* WhiskyNotebook.app */ = {isa = PBXFileReference; explicitFileType = wrapper.application; includeInIndex = 0; path = WhiskyNotebook.app; sourceTree = BUILT_PRODUCTS_DIR; };
		24FFF8D01A36D658002C1E88 /* Info.plist */ = {isa = PBXFileReference; lastKnownFileType = text.plist.xml; path = Info.plist; sourceTree = "<group>"; };
		24FFF8D11A36D658002C1E88 /* AppDelegate.swift */ = {isa = PBXFileReference; lastKnownFileType = sourcecode.swift; path = AppDelegate.swift; sourceTree = "<group>"; };
		24FFF8DB1A36D658002C1E88 /* Base */ = {isa = PBXFileReference; lastKnownFileType = file.xib; name = Base; path = Base.lproj/LaunchScreen.xib; sourceTree = "<group>"; };
		24FFF8E11A36D658002C1E88 /* WhiskyNotebookTests.xctest */ = {isa = PBXFileReference; explicitFileType = wrapper.cfbundle; includeInIndex = 0; path = WhiskyNotebookTests.xctest; sourceTree = BUILT_PRODUCTS_DIR; };
		24FFF8E61A36D658002C1E88 /* Info.plist */ = {isa = PBXFileReference; lastKnownFileType = text.plist.xml; path = Info.plist; sourceTree = "<group>"; };
/* End PBXFileReference section */

/* Begin PBXFrameworksBuildPhase section */
		24FFF8C91A36D658002C1E88 /* Frameworks */ = {
			isa = PBXFrameworksBuildPhase;
			buildActionMask = 2147483647;
			files = (
				24A4C8991ABD8AD8006F8BDF /* LlamaKit.framework in Frameworks */,
				24A4C89A1ABD8AD8006F8BDF /* ReactiveCocoa.framework in Frameworks */,
			);
			runOnlyForDeploymentPostprocessing = 0;
		};
		24FFF8DE1A36D658002C1E88 /* Frameworks */ = {
			isa = PBXFrameworksBuildPhase;
			buildActionMask = 2147483647;
			files = (
				242A434B1ABCAF800002B938 /* Quick.framework in Frameworks */,
				242A43491ABCAF750002B938 /* Nimble.framework in Frameworks */,
			);
			runOnlyForDeploymentPostprocessing = 0;
		};
/* End PBXFrameworksBuildPhase section */

/* Begin PBXGroup section */
		245ABEEF1AC0AF0100AA339A /* Dram */ = {
			isa = PBXGroup;
			children = (
				24BC95AF1ABDBF9D00CF4108 /* Dram.swift */,
				247E22E11AC0C1960012045C /* DramRepository.swift */,
				24AA19271AC1EE2200AFE71E /* DramRepositoryManager.swift */,
				24BC95B51ABDCA8100CF4108 /* DramsController.swift */,
				24AA19231AC1EB4600AFE71E /* InMemoryDramRepository.swift */,
				24BC95B31ABDCA0800CF4108 /* NewDramController.swift */,
			);
			name = Dram;
			sourceTree = "<group>";
		};
		245ABEF01AC0AF1400AA339A /* Dram */ = {
			isa = PBXGroup;
			children = (
				247E22E31AC0C1BE0012045C /* DramRepositoryManagerSpec.swift */,
				242C6E2F1AC153B100CF7624 /* DramsControllerSpec.swift */,
				24BC95B11ABDC2EC00CF4108 /* DramSpec.swift */,
				24AA19251AC1EBC900AFE71E /* InMemoryDramRepositorySpec.swift */,
				247E22DF1AC0895B0012045C /* NewDramControllerSpec.swift */,
			);
			name = Dram;
			sourceTree = "<group>";
		};
		24FFF8C31A36D658002C1E88 = {
			isa = PBXGroup;
			children = (
				24FFF8CE1A36D658002C1E88 /* WhiskyNotebook */,
				24FFF8E41A36D658002C1E88 /* WhiskyNotebookTests */,
				24FFF8CD1A36D658002C1E88 /* Products */,
			);
			sourceTree = "<group>";
		};
		24FFF8CD1A36D658002C1E88 /* Products */ = {
			isa = PBXGroup;
			children = (
				24FFF8CC1A36D658002C1E88 /* WhiskyNotebook.app */,
				24FFF8E11A36D658002C1E88 /* WhiskyNotebookTests.xctest */,
			);
			name = Products;
			sourceTree = "<group>";
		};
		24FFF8CE1A36D658002C1E88 /* WhiskyNotebook */ = {
			isa = PBXGroup;
			children = (
				24FC641F1A42B32900DE8744 /* WhiskyNotebook.storyboard */,
				24FFF8D11A36D658002C1E88 /* AppDelegate.swift */,
				245ABEEF1AC0AF0100AA339A /* Dram */,
				24AA191F1AC1E4B200AFE71E /* RegularExpression.swift */,
				24FFF8DA1A36D658002C1E88 /* LaunchScreen.xib */,
				24E670DB1A72CB5B005AA399 /* Images.xcassets */,
				24FFF8CF1A36D658002C1E88 /* Supporting Files */,
				24342AEE1A72C3FA00F3451C /* WhiskyNotebook.entitlements */,
				24A4C8971ABD8AD8006F8BDF /* LlamaKit.framework */,
				24A4C8981ABD8AD8006F8BDF /* ReactiveCocoa.framework */,
			);
			path = WhiskyNotebook;
			sourceTree = "<group>";
		};
		24FFF8CF1A36D658002C1E88 /* Supporting Files */ = {
			isa = PBXGroup;
			children = (
				24FFF8D01A36D658002C1E88 /* Info.plist */,
			);
			name = "Supporting Files";
			sourceTree = "<group>";
		};
		24FFF8E41A36D658002C1E88 /* WhiskyNotebookTests */ = {
			isa = PBXGroup;
			children = (
				245ABEF01AC0AF1400AA339A /* Dram */,
				24AA19211AC1E5ED00AFE71E /* RegularExpressionSpec.swift */,
				24FFF8E51A36D658002C1E88 /* Supporting Files */,
				242A43481ABCAF750002B938 /* Nimble.framework */,
				242A434A1ABCAF800002B938 /* Quick.framework */,
			);
			path = WhiskyNotebookTests;
			sourceTree = "<group>";
		};
		24FFF8E51A36D658002C1E88 /* Supporting Files */ = {
			isa = PBXGroup;
			children = (
				24FFF8E61A36D658002C1E88 /* Info.plist */,
			);
			name = "Supporting Files";
			sourceTree = "<group>";
		};
/* End PBXGroup section */

/* Begin PBXNativeTarget section */
		24FFF8CB1A36D658002C1E88 /* WhiskyNotebook */ = {
			isa = PBXNativeTarget;
			buildConfigurationList = 24FFF8EB1A36D658002C1E88 /* Build configuration list for PBXNativeTarget "WhiskyNotebook" */;
			buildPhases = (
				24FFF8C81A36D658002C1E88 /* Sources */,
				24FFF8C91A36D658002C1E88 /* Frameworks */,
				24FFF8CA1A36D658002C1E88 /* Resources */,
				24BC95AC1ABDBDB200CF4108 /* Copy Carthage Frameworks */,
			);
			buildRules = (
			);
			dependencies = (
			);
			name = WhiskyNotebook;
			productName = WhiskyNotebook;
			productReference = 24FFF8CC1A36D658002C1E88 /* WhiskyNotebook.app */;
			productType = "com.apple.product-type.application";
		};
		24FFF8E01A36D658002C1E88 /* WhiskyNotebookTests */ = {
			isa = PBXNativeTarget;
			buildConfigurationList = 24FFF8EE1A36D658002C1E88 /* Build configuration list for PBXNativeTarget "WhiskyNotebookTests" */;
			buildPhases = (
				24FFF8DD1A36D658002C1E88 /* Sources */,
				24FFF8DE1A36D658002C1E88 /* Frameworks */,
				24FFF8DF1A36D658002C1E88 /* Resources */,
				24D9565B1ABCB1D900CCF888 /* Copy Frameworks */,
			);
			buildRules = (
			);
			dependencies = (
				24FFF8E31A36D658002C1E88 /* PBXTargetDependency */,
			);
			name = WhiskyNotebookTests;
			productName = WhiskyNotebookTests;
			productReference = 24FFF8E11A36D658002C1E88 /* WhiskyNotebookTests.xctest */;
			productType = "com.apple.product-type.bundle.unit-test";
		};
/* End PBXNativeTarget section */

/* Begin PBXProject section */
		24FFF8C41A36D658002C1E88 /* Project object */ = {
			isa = PBXProject;
			attributes = {
				LastUpgradeCheck = 0630;
				ORGANIZATIONNAME = "Ben Hale";
				TargetAttributes = {
					24FFF8CB1A36D658002C1E88 = {
						CreatedOnToolsVersion = 6.1.1;
						DevelopmentTeam = 37P3YGWA67;
						SystemCapabilities = {
							com.apple.BackgroundModes = {
								enabled = 0;
							};
							com.apple.Maps.iOS = {
								enabled = 0;
							};
							com.apple.Passbook = {
								enabled = 0;
							};
							com.apple.iCloud = {
								enabled = 0;
							};
						};
					};
					24FFF8E01A36D658002C1E88 = {
						CreatedOnToolsVersion = 6.1.1;
						TestTargetID = 24FFF8CB1A36D658002C1E88;
					};
				};
			};
			buildConfigurationList = 24FFF8C71A36D658002C1E88 /* Build configuration list for PBXProject "WhiskyNotebook" */;
			compatibilityVersion = "Xcode 3.2";
			developmentRegion = English;
			hasScannedForEncodings = 0;
			knownRegions = (
				en,
				Base,
			);
			mainGroup = 24FFF8C31A36D658002C1E88;
			productRefGroup = 24FFF8CD1A36D658002C1E88 /* Products */;
			projectDirPath = "";
			projectRoot = "";
			targets = (
				24FFF8CB1A36D658002C1E88 /* WhiskyNotebook */,
				24FFF8E01A36D658002C1E88 /* WhiskyNotebookTests */,
			);
		};
/* End PBXProject section */

/* Begin PBXResourcesBuildPhase section */
		24FFF8CA1A36D658002C1E88 /* Resources */ = {
			isa = PBXResourcesBuildPhase;
			buildActionMask = 2147483647;
			files = (
				24FFF8DC1A36D658002C1E88 /* LaunchScreen.xib in Resources */,
				24E670DC1A72CB5B005AA399 /* Images.xcassets in Resources */,
				24FC64211A42B32900DE8744 /* WhiskyNotebook.storyboard in Resources */,
			);
			runOnlyForDeploymentPostprocessing = 0;
		};
		24FFF8DF1A36D658002C1E88 /* Resources */ = {
			isa = PBXResourcesBuildPhase;
			buildActionMask = 2147483647;
			files = (
			);
			runOnlyForDeploymentPostprocessing = 0;
		};
/* End PBXResourcesBuildPhase section */

/* Begin PBXShellScriptBuildPhase section */
		24BC95AC1ABDBDB200CF4108 /* Copy Carthage Frameworks */ = {
			isa = PBXShellScriptBuildPhase;
			buildActionMask = 2147483647;
			files = (
			);
			inputPaths = (
				"$(SRCROOT)/Carthage/Build/iOS/LlamaKit.framework",
				"$(SRCROOT)/Carthage/Build/iOS/ReactiveCocoa.framework",
			);
			name = "Copy Carthage Frameworks";
			outputPaths = (
			);
			runOnlyForDeploymentPostprocessing = 0;
			shellPath = "/usr/local/bin/carthage copy-frameworks";
			shellScript = "";
		};
/* End PBXShellScriptBuildPhase section */

/* Begin PBXSourcesBuildPhase section */
		24FFF8C81A36D658002C1E88 /* Sources */ = {
			isa = PBXSourcesBuildPhase;
			buildActionMask = 2147483647;
			files = (
				24BC95B41ABDCA0800CF4108 /* NewDramController.swift in Sources */,
				24AA19201AC1E4B200AFE71E /* RegularExpression.swift in Sources */,
				247E22E21AC0C1960012045C /* DramRepository.swift in Sources */,
				24AA19241AC1EB4600AFE71E /* InMemoryDramRepository.swift in Sources */,
				24AA19281AC1EE2200AFE71E /* DramRepositoryManager.swift in Sources */,
				24BC95B01ABDBF9D00CF4108 /* Dram.swift in Sources */,
				24FFF8D21A36D658002C1E88 /* AppDelegate.swift in Sources */,
				24BC95B61ABDCA8100CF4108 /* DramsController.swift in Sources */,
			);
			runOnlyForDeploymentPostprocessing = 0;
		};
		24FFF8DD1A36D658002C1E88 /* Sources */ = {
			isa = PBXSourcesBuildPhase;
			buildActionMask = 2147483647;
			files = (
				24AA19261AC1EBC900AFE71E /* InMemoryDramRepositorySpec.swift in Sources */,
				24AA19221AC1E5ED00AFE71E /* RegularExpressionSpec.swift in Sources */,
				247E22E41AC0C1BE0012045C /* DramRepositoryManagerSpec.swift in Sources */,
				24BC95B21ABDC2EC00CF4108 /* DramSpec.swift in Sources */,
				242C6E301AC153B100CF7624 /* DramsControllerSpec.swift in Sources */,
				247E22E01AC0895B0012045C /* NewDramControllerSpec.swift in Sources */,
			);
			runOnlyForDeploymentPostprocessing = 0;
		};
/* End PBXSourcesBuildPhase section */

/* Begin PBXTargetDependency section */
		24FFF8E31A36D658002C1E88 /* PBXTargetDependency */ = {
			isa = PBXTargetDependency;
			target = 24FFF8CB1A36D658002C1E88 /* WhiskyNotebook */;
			targetProxy = 24FFF8E21A36D658002C1E88 /* PBXContainerItemProxy */;
		};
/* End PBXTargetDependency section */

/* Begin PBXVariantGroup section */
		24FC641F1A42B32900DE8744 /* WhiskyNotebook.storyboard */ = {
			isa = PBXVariantGroup;
			children = (
				24FC64201A42B32900DE8744 /* Base */,
			);
			name = WhiskyNotebook.storyboard;
			sourceTree = "<group>";
		};
		24FFF8DA1A36D658002C1E88 /* LaunchScreen.xib */ = {
			isa = PBXVariantGroup;
			children = (
				24FFF8DB1A36D658002C1E88 /* Base */,
			);
			name = LaunchScreen.xib;
			sourceTree = "<group>";
		};
/* End PBXVariantGroup section */

/* Begin XCBuildConfiguration section */
		24FFF8E91A36D658002C1E88 /* Debug */ = {
			isa = XCBuildConfiguration;
			buildSettings = {
				ALWAYS_SEARCH_USER_PATHS = NO;
				CLANG_CXX_LANGUAGE_STANDARD = "gnu++0x";
				CLANG_CXX_LIBRARY = "libc++";
				CLANG_ENABLE_MODULES = YES;
				CLANG_ENABLE_OBJC_ARC = YES;
				CLANG_WARN_BOOL_CONVERSION = YES;
				CLANG_WARN_CONSTANT_CONVERSION = YES;
				CLANG_WARN_DIRECT_OBJC_ISA_USAGE = YES_ERROR;
				CLANG_WARN_EMPTY_BODY = YES;
				CLANG_WARN_ENUM_CONVERSION = YES;
				CLANG_WARN_INT_CONVERSION = YES;
				CLANG_WARN_OBJC_ROOT_CLASS = YES_ERROR;
				CLANG_WARN_UNREACHABLE_CODE = YES;
				CLANG_WARN__DUPLICATE_METHOD_MATCH = YES;
				"CODE_SIGN_IDENTITY[sdk=iphoneos*]" = "iPhone Developer";
				COPY_PHASE_STRIP = NO;
				ENABLE_STRICT_OBJC_MSGSEND = YES;
				GCC_C_LANGUAGE_STANDARD = gnu99;
				GCC_DYNAMIC_NO_PIC = NO;
				GCC_OPTIMIZATION_LEVEL = 0;
				GCC_PREPROCESSOR_DEFINITIONS = (
					"DEBUG=1",
					"$(inherited)",
				);
				GCC_SYMBOLS_PRIVATE_EXTERN = NO;
				GCC_WARN_64_TO_32_BIT_CONVERSION = YES;
				GCC_WARN_ABOUT_RETURN_TYPE = YES_ERROR;
				GCC_WARN_UNDECLARED_SELECTOR = YES;
				GCC_WARN_UNINITIALIZED_AUTOS = YES_AGGRESSIVE;
				GCC_WARN_UNUSED_FUNCTION = YES;
				GCC_WARN_UNUSED_VARIABLE = YES;
				IPHONEOS_DEPLOYMENT_TARGET = 8.1;
				MTL_ENABLE_DEBUG_INFO = YES;
				ONLY_ACTIVE_ARCH = YES;
				SDKROOT = iphoneos;
				SWIFT_OPTIMIZATION_LEVEL = "-Onone";
				TARGETED_DEVICE_FAMILY = "1,2";
			};
			name = Debug;
		};
		24FFF8EA1A36D658002C1E88 /* Release */ = {
			isa = XCBuildConfiguration;
			buildSettings = {
				ALWAYS_SEARCH_USER_PATHS = NO;
				CLANG_CXX_LANGUAGE_STANDARD = "gnu++0x";
				CLANG_CXX_LIBRARY = "libc++";
				CLANG_ENABLE_MODULES = YES;
				CLANG_ENABLE_OBJC_ARC = YES;
				CLANG_WARN_BOOL_CONVERSION = YES;
				CLANG_WARN_CONSTANT_CONVERSION = YES;
				CLANG_WARN_DIRECT_OBJC_ISA_USAGE = YES_ERROR;
				CLANG_WARN_EMPTY_BODY = YES;
				CLANG_WARN_ENUM_CONVERSION = YES;
				CLANG_WARN_INT_CONVERSION = YES;
				CLANG_WARN_OBJC_ROOT_CLASS = YES_ERROR;
				CLANG_WARN_UNREACHABLE_CODE = YES;
				CLANG_WARN__DUPLICATE_METHOD_MATCH = YES;
				"CODE_SIGN_IDENTITY[sdk=iphoneos*]" = "iPhone Developer";
				COPY_PHASE_STRIP = YES;
				ENABLE_NS_ASSERTIONS = NO;
				ENABLE_STRICT_OBJC_MSGSEND = YES;
				GCC_C_LANGUAGE_STANDARD = gnu99;
				GCC_WARN_64_TO_32_BIT_CONVERSION = YES;
				GCC_WARN_ABOUT_RETURN_TYPE = YES_ERROR;
				GCC_WARN_UNDECLARED_SELECTOR = YES;
				GCC_WARN_UNINITIALIZED_AUTOS = YES_AGGRESSIVE;
				GCC_WARN_UNUSED_FUNCTION = YES;
				GCC_WARN_UNUSED_VARIABLE = YES;
				IPHONEOS_DEPLOYMENT_TARGET = 8.1;
				MTL_ENABLE_DEBUG_INFO = NO;
				SDKROOT = iphoneos;
				TARGETED_DEVICE_FAMILY = "1,2";
				VALIDATE_PRODUCT = YES;
			};
			name = Release;
		};
		24FFF8EC1A36D658002C1E88 /* Debug */ = {
			isa = XCBuildConfiguration;
			buildSettings = {
				ASSETCATALOG_COMPILER_APPICON_NAME = AppIcon;
				CODE_SIGN_ENTITLEMENTS = WhiskyNotebook/WhiskyNotebook.entitlements;
				CODE_SIGN_IDENTITY = "iPhone Developer";
				"CODE_SIGN_IDENTITY[sdk=iphoneos*]" = "iPhone Developer";
				FRAMEWORK_SEARCH_PATHS = (
					"$(inherited)",
					"$(PROJECT_DIR)/Carthage/Build/iOS",
				);
				INFOPLIST_FILE = WhiskyNotebook/Info.plist;
				IPHONEOS_DEPLOYMENT_TARGET = 8.1;
				LD_RUNPATH_SEARCH_PATHS = "$(inherited) @executable_path/Frameworks";
				PRODUCT_NAME = "$(TARGET_NAME)";
				PROVISIONING_PROFILE = "";
				TARGETED_DEVICE_FAMILY = "1,2";
			};
			name = Debug;
		};
		24FFF8ED1A36D658002C1E88 /* Release */ = {
			isa = XCBuildConfiguration;
			buildSettings = {
				ASSETCATALOG_COMPILER_APPICON_NAME = AppIcon;
				CODE_SIGN_ENTITLEMENTS = WhiskyNotebook/WhiskyNotebook.entitlements;
				CODE_SIGN_IDENTITY = "iPhone Developer";
				"CODE_SIGN_IDENTITY[sdk=iphoneos*]" = "iPhone Developer";
				FRAMEWORK_SEARCH_PATHS = (
					"$(inherited)",
					"$(PROJECT_DIR)/Carthage/Build/iOS",
				);
				GCC_OPTIMIZATION_LEVEL = s;
				INFOPLIST_FILE = WhiskyNotebook/Info.plist;
				IPHONEOS_DEPLOYMENT_TARGET = 8.1;
				LD_RUNPATH_SEARCH_PATHS = "$(inherited) @executable_path/Frameworks";
				PRODUCT_NAME = "$(TARGET_NAME)";
				PROVISIONING_PROFILE = "";
				SWIFT_OPTIMIZATION_LEVEL = "-O";
				TARGETED_DEVICE_FAMILY = "1,2";
			};
			name = Release;
		};
		24FFF8EF1A36D658002C1E88 /* Debug */ = {
			isa = XCBuildConfiguration;
			buildSettings = {
				BUNDLE_LOADER = "$(TEST_HOST)";
				CLANG_ENABLE_MODULES = YES;
				FRAMEWORK_SEARCH_PATHS = (
					"$(SDKROOT)/Developer/Library/Frameworks",
					"$(inherited)",
					"$(PROJECT_DIR)/Carthage/Build/iOS",
				);
				GCC_PREPROCESSOR_DEFINITIONS = (
					"DEBUG=1",
					"$(inherited)",
				);
				INFOPLIST_FILE = WhiskyNotebookTests/Info.plist;
				LD_RUNPATH_SEARCH_PATHS = "$(inherited) @executable_path/Frameworks @loader_path/Frameworks";
				PRODUCT_NAME = "$(TARGET_NAME)";
				SWIFT_OPTIMIZATION_LEVEL = "-Onone";
				TEST_HOST = "$(BUILT_PRODUCTS_DIR)/WhiskyNotebook.app/WhiskyNotebook";
			};
			name = Debug;
		};
		24FFF8F01A36D658002C1E88 /* Release */ = {
			isa = XCBuildConfiguration;
			buildSettings = {
				BUNDLE_LOADER = "$(TEST_HOST)";
				CLANG_ENABLE_MODULES = YES;
				FRAMEWORK_SEARCH_PATHS = (
					"$(SDKROOT)/Developer/Library/Frameworks",
					"$(inherited)",
					"$(PROJECT_DIR)/Carthage/Build/iOS",
				);
				INFOPLIST_FILE = WhiskyNotebookTests/Info.plist;
				LD_RUNPATH_SEARCH_PATHS = "$(inherited) @executable_path/Frameworks @loader_path/Frameworks";
				PRODUCT_NAME = "$(TARGET_NAME)";
				TEST_HOST = "$(BUILT_PRODUCTS_DIR)/WhiskyNotebook.app/WhiskyNotebook";
			};
			name = Release;
		};
/* End XCBuildConfiguration section */

/* Begin XCConfigurationList section */
		24FFF8C71A36D658002C1E88 /* Build configuration list for PBXProject "WhiskyNotebook" */ = {
			isa = XCConfigurationList;
			buildConfigurations = (
				24FFF8E91A36D658002C1E88 /* Debug */,
				24FFF8EA1A36D658002C1E88 /* Release */,
			);
			defaultConfigurationIsVisible = 0;
			defaultConfigurationName = Release;
		};
		24FFF8EB1A36D658002C1E88 /* Build configuration list for PBXNativeTarget "WhiskyNotebook" */ = {
			isa = XCConfigurationList;
			buildConfigurations = (
				24FFF8EC1A36D658002C1E88 /* Debug */,
				24FFF8ED1A36D658002C1E88 /* Release */,
			);
			defaultConfigurationIsVisible = 0;
			defaultConfigurationName = Release;
		};
		24FFF8EE1A36D658002C1E88 /* Build configuration list for PBXNativeTarget "WhiskyNotebookTests" */ = {
			isa = XCConfigurationList;
			buildConfigurations = (
				24FFF8EF1A36D658002C1E88 /* Debug */,
				24FFF8F01A36D658002C1E88 /* Release */,
			);
			defaultConfigurationIsVisible = 0;
			defaultConfigurationName = Release;
		};
/* End XCConfigurationList section */
	};
	rootObject = 24FFF8C41A36D658002C1E88 /* Project object */;
}
